// !$*UTF8*$!
{
	archiveVersion = 1;
	classes = {
	};
	objectVersion = 51;
	objects = {

/* Begin PBXBuildFile section */
		97287D047531C5037F928BA3 /* Pods_DailyGrindApp.framework in Frameworks */ = {isa = PBXBuildFile; fileRef = 5AB38EDC534616445AD4203E /* Pods_DailyGrindApp.framework */; };
		BA0529B224665F7F001DBF5B /* UIViewController+Extensions.swift in Sources */ = {isa = PBXBuildFile; fileRef = BA0529B124665F7F001DBF5B /* UIViewController+Extensions.swift */; };
		BA0529B5246662E4001DBF5B /* ListViewController.swift in Sources */ = {isa = PBXBuildFile; fileRef = BA0529B4246662E4001DBF5B /* ListViewController.swift */; };
		BA0529B7246662F1001DBF5B /* EntryViewController.swift in Sources */ = {isa = PBXBuildFile; fileRef = BA0529B6246662F1001DBF5B /* EntryViewController.swift */; };
		BA0529B924666307001DBF5B /* TaskViewController.swift in Sources */ = {isa = PBXBuildFile; fileRef = BA0529B824666307001DBF5B /* TaskViewController.swift */; };
		BA1AE88B246654D600538F09 /* AppDelegate.swift in Sources */ = {isa = PBXBuildFile; fileRef = BA1AE88A246654D600538F09 /* AppDelegate.swift */; };
		BA1AE88D246654D600538F09 /* SceneDelegate.swift in Sources */ = {isa = PBXBuildFile; fileRef = BA1AE88C246654D600538F09 /* SceneDelegate.swift */; };
		BA1AE88F246654D600538F09 /* ViewController.swift in Sources */ = {isa = PBXBuildFile; fileRef = BA1AE88E246654D600538F09 /* ViewController.swift */; };
		BA1AE892246654D600538F09 /* Main.storyboard in Resources */ = {isa = PBXBuildFile; fileRef = BA1AE890246654D600538F09 /* Main.storyboard */; };
		BA1AE894246654D800538F09 /* Assets.xcassets in Resources */ = {isa = PBXBuildFile; fileRef = BA1AE893246654D800538F09 /* Assets.xcassets */; };
		BA1AE897246654D800538F09 /* LaunchScreen.storyboard in Resources */ = {isa = PBXBuildFile; fileRef = BA1AE895246654D800538F09 /* LaunchScreen.storyboard */; };
/* End PBXBuildFile section */

/* Begin PBXFileReference section */
		25D3AD8392C757BE8ED55FD6 /* Pods-DailyGrindApp.debug.xcconfig */ = {isa = PBXFileReference; includeInIndex = 1; lastKnownFileType = text.xcconfig; name = "Pods-DailyGrindApp.debug.xcconfig"; path = "Target Support Files/Pods-DailyGrindApp/Pods-DailyGrindApp.debug.xcconfig"; sourceTree = "<group>"; };
		5AB38EDC534616445AD4203E /* Pods_DailyGrindApp.framework */ = {isa = PBXFileReference; explicitFileType = wrapper.framework; includeInIndex = 0; path = Pods_DailyGrindApp.framework; sourceTree = BUILT_PRODUCTS_DIR; };
		A6A00041246A6B4CDB4E39BC /* Pods-DailyGrindApp.release.xcconfig */ = {isa = PBXFileReference; includeInIndex = 1; lastKnownFileType = text.xcconfig; name = "Pods-DailyGrindApp.release.xcconfig"; path = "Target Support Files/Pods-DailyGrindApp/Pods-DailyGrindApp.release.xcconfig"; sourceTree = "<group>"; };
		BA0529B124665F7F001DBF5B /* UIViewController+Extensions.swift */ = {isa = PBXFileReference; lastKnownFileType = sourcecode.swift; path = "UIViewController+Extensions.swift"; sourceTree = "<group>"; };
		BA0529B4246662E4001DBF5B /* ListViewController.swift */ = {isa = PBXFileReference; lastKnownFileType = sourcecode.swift; path = ListViewController.swift; sourceTree = "<group>"; };
		BA0529B6246662F1001DBF5B /* EntryViewController.swift */ = {isa = PBXFileReference; lastKnownFileType = sourcecode.swift; path = EntryViewController.swift; sourceTree = "<group>"; };
		BA0529B824666307001DBF5B /* TaskViewController.swift */ = {isa = PBXFileReference; lastKnownFileType = sourcecode.swift; path = TaskViewController.swift; sourceTree = "<group>"; };
		BA1AE887246654D600538F09 /* DailyGrindApp.app */ = {isa = PBXFileReference; explicitFileType = wrapper.application; includeInIndex = 0; path = DailyGrindApp.app; sourceTree = BUILT_PRODUCTS_DIR; };
		BA1AE88A246654D600538F09 /* AppDelegate.swift */ = {isa = PBXFileReference; lastKnownFileType = sourcecode.swift; path = AppDelegate.swift; sourceTree = "<group>"; };
		BA1AE88C246654D600538F09 /* SceneDelegate.swift */ = {isa = PBXFileReference; lastKnownFileType = sourcecode.swift; path = SceneDelegate.swift; sourceTree = "<group>"; };
		BA1AE88E246654D600538F09 /* ViewController.swift */ = {isa = PBXFileReference; lastKnownFileType = sourcecode.swift; path = ViewController.swift; sourceTree = "<group>"; };
		BA1AE891246654D600538F09 /* Base */ = {isa = PBXFileReference; lastKnownFileType = file.storyboard; name = Base; path = Base.lproj/Main.storyboard; sourceTree = "<group>"; };
		BA1AE893246654D800538F09 /* Assets.xcassets */ = {isa = PBXFileReference; lastKnownFileType = folder.assetcatalog; path = Assets.xcassets; sourceTree = "<group>"; };
		BA1AE896246654D800538F09 /* Base */ = {isa = PBXFileReference; lastKnownFileType = file.storyboard; name = Base; path = Base.lproj/LaunchScreen.storyboard; sourceTree = "<group>"; };
		BA1AE898246654D800538F09 /* Info.plist */ = {isa = PBXFileReference; lastKnownFileType = text.plist.xml; path = Info.plist; sourceTree = "<group>"; };
/* End PBXFileReference section */

/* Begin PBXFrameworksBuildPhase section */
		BA1AE884246654D600538F09 /* Frameworks */ = {
			isa = PBXFrameworksBuildPhase;
			buildActionMask = 2147483647;
			files = (
				97287D047531C5037F928BA3 /* Pods_DailyGrindApp.framework in Frameworks */,
			);
			runOnlyForDeploymentPostprocessing = 0;
		};
/* End PBXFrameworksBuildPhase section */

/* Begin PBXGroup section */
		9397A1B95C90A756710FD24E /* Pods */ = {
			isa = PBXGroup;
			children = (
				25D3AD8392C757BE8ED55FD6 /* Pods-DailyGrindApp.debug.xcconfig */,
				A6A00041246A6B4CDB4E39BC /* Pods-DailyGrindApp.release.xcconfig */,
			);
			path = Pods;
			sourceTree = "<group>";
		};
		B245CDFEB5DA97425EDD1047 /* Frameworks */ = {
			isa = PBXGroup;
			children = (
				5AB38EDC534616445AD4203E /* Pods_DailyGrindApp.framework */,
			);
			name = Frameworks;
			sourceTree = "<group>";
		};
		BA0529B3246662C5001DBF5B /* View Controllers */ = {
			isa = PBXGroup;
			children = (
				BA1AE88E246654D600538F09 /* ViewController.swift */,
				BA0529B124665F7F001DBF5B /* UIViewController+Extensions.swift */,
				BA0529B4246662E4001DBF5B /* ListViewController.swift */,
				BA0529B6246662F1001DBF5B /* EntryViewController.swift */,
				BA0529B824666307001DBF5B /* TaskViewController.swift */,
			);
			path = "View Controllers";
			sourceTree = "<group>";
		};
		BA1AE87E246654D500538F09 = {
			isa = PBXGroup;
			children = (
				BA1AE889246654D600538F09 /* DailyGrindApp */,
				BA1AE888246654D600538F09 /* Products */,
				9397A1B95C90A756710FD24E /* Pods */,
				B245CDFEB5DA97425EDD1047 /* Frameworks */,
			);
			sourceTree = "<group>";
		};
		BA1AE888246654D600538F09 /* Products */ = {
			isa = PBXGroup;
			children = (
				BA1AE887246654D600538F09 /* DailyGrindApp.app */,
			);
			name = Products;
			sourceTree = "<group>";
		};
		BA1AE889246654D600538F09 /* DailyGrindApp */ = {
			isa = PBXGroup;
			children = (
				BA0529B3246662C5001DBF5B /* View Controllers */,
				BA1AE88A246654D600538F09 /* AppDelegate.swift */,
				BA1AE88C246654D600538F09 /* SceneDelegate.swift */,
				BA1AE890246654D600538F09 /* Main.storyboard */,
				BA1AE893246654D800538F09 /* Assets.xcassets */,
				BA1AE895246654D800538F09 /* LaunchScreen.storyboard */,
				BA1AE898246654D800538F09 /* Info.plist */,
			);
			path = DailyGrindApp;
			sourceTree = "<group>";
		};
/* End PBXGroup section */

/* Begin PBXNativeTarget section */
		BA1AE886246654D600538F09 /* DailyGrindApp */ = {
			isa = PBXNativeTarget;
			buildConfigurationList = BA1AE89B246654D800538F09 /* Build configuration list for PBXNativeTarget "DailyGrindApp" */;
			buildPhases = (
				EB716F856506458828745CD9 /* [CP] Check Pods Manifest.lock */,
				BA1AE883246654D600538F09 /* Sources */,
				BA1AE884246654D600538F09 /* Frameworks */,
				BA1AE885246654D600538F09 /* Resources */,
				35C64FE86A6344AC090ED127 /* [CP] Embed Pods Frameworks */,
			);
			buildRules = (
			);
			dependencies = (
			);
			name = DailyGrindApp;
			productName = DailyGrindApp;
			productReference = BA1AE887246654D600538F09 /* DailyGrindApp.app */;
			productType = "com.apple.product-type.application";
		};
/* End PBXNativeTarget section */

/* Begin PBXProject section */
		BA1AE87F246654D500538F09 /* Project object */ = {
			isa = PBXProject;
			attributes = {
				LastSwiftUpdateCheck = 1140;
				LastUpgradeCheck = 1140;
				ORGANIZATIONNAME = "Christy Tam";
				TargetAttributes = {
					BA1AE886246654D600538F09 = {
						CreatedOnToolsVersion = 11.4.1;
					};
				};
			};
			buildConfigurationList = BA1AE882246654D500538F09 /* Build configuration list for PBXProject "DailyGrindApp" */;
			compatibilityVersion = "Xcode 9.3";
			developmentRegion = en;
			hasScannedForEncodings = 0;
			knownRegions = (
				en,
				Base,
			);
			mainGroup = BA1AE87E246654D500538F09;
			productRefGroup = BA1AE888246654D600538F09 /* Products */;
			projectDirPath = "";
			projectRoot = "";
			targets = (
				BA1AE886246654D600538F09 /* DailyGrindApp */,
			);
		};
/* End PBXProject section */

/* Begin PBXResourcesBuildPhase section */
		BA1AE885246654D600538F09 /* Resources */ = {
			isa = PBXResourcesBuildPhase;
			buildActionMask = 2147483647;
			files = (
				BA1AE897246654D800538F09 /* LaunchScreen.storyboard in Resources */,
				BA1AE894246654D800538F09 /* Assets.xcassets in Resources */,
				BA1AE892246654D600538F09 /* Main.storyboard in Resources */,
			);
			runOnlyForDeploymentPostprocessing = 0;
		};
/* End PBXResourcesBuildPhase section */

/* Begin PBXShellScriptBuildPhase section */
		35C64FE86A6344AC090ED127 /* [CP] Embed Pods Frameworks */ = {
			isa = PBXShellScriptBuildPhase;
			buildActionMask = 2147483647;
			files = (
			);
			inputFileListPaths = (
				"${PODS_ROOT}/Target Support Files/Pods-DailyGrindApp/Pods-DailyGrindApp-frameworks-${CONFIGURATION}-input-files.xcfilelist",
			);
			name = "[CP] Embed Pods Frameworks";
			outputFileListPaths = (
				"${PODS_ROOT}/Target Support Files/Pods-DailyGrindApp/Pods-DailyGrindApp-frameworks-${CONFIGURATION}-output-files.xcfilelist",
			);
			runOnlyForDeploymentPostprocessing = 0;
			shellPath = /bin/sh;
			shellScript = "\"${PODS_ROOT}/Target Support Files/Pods-DailyGrindApp/Pods-DailyGrindApp-frameworks.sh\"\n";
			showEnvVarsInLog = 0;
		};
		EB716F856506458828745CD9 /* [CP] Check Pods Manifest.lock */ = {
			isa = PBXShellScriptBuildPhase;
			buildActionMask = 2147483647;
			files = (
			);
			inputFileListPaths = (
			);
			inputPaths = (
				"${PODS_PODFILE_DIR_PATH}/Podfile.lock",
				"${PODS_ROOT}/Manifest.lock",
			);
			name = "[CP] Check Pods Manifest.lock";
			outputFileListPaths = (
			);
			outputPaths = (
				"$(DERIVED_FILE_DIR)/Pods-DailyGrindApp-checkManifestLockResult.txt",
			);
			runOnlyForDeploymentPostprocessing = 0;
			shellPath = /bin/sh;
			shellScript = "diff \"${PODS_PODFILE_DIR_PATH}/Podfile.lock\" \"${PODS_ROOT}/Manifest.lock\" > /dev/null\nif [ $? != 0 ] ; then\n    # print error to STDERR\n    echo \"error: The sandbox is not in sync with the Podfile.lock. Run 'pod install' or update your CocoaPods installation.\" >&2\n    exit 1\nfi\n# This output is used by Xcode 'outputs' to avoid re-running this script phase.\necho \"SUCCESS\" > \"${SCRIPT_OUTPUT_FILE_0}\"\n";
			showEnvVarsInLog = 0;
		};
/* End PBXShellScriptBuildPhase section */

/* Begin PBXSourcesBuildPhase section */
		BA1AE883246654D600538F09 /* Sources */ = {
			isa = PBXSourcesBuildPhase;
			buildActionMask = 2147483647;
			files = (
				BA0529B224665F7F001DBF5B /* UIViewController+Extensions.swift in Sources */,
				BA0529B924666307001DBF5B /* TaskViewController.swift in Sources */,
				BA1AE88F246654D600538F09 /* ViewController.swift in Sources */,
				BA1AE88B246654D600538F09 /* AppDelegate.swift in Sources */,
				BA0529B5246662E4001DBF5B /* ListViewController.swift in Sources */,
				BA1AE88D246654D600538F09 /* SceneDelegate.swift in Sources */,
				BA0529B7246662F1001DBF5B /* EntryViewController.swift in Sources */,
			);
			runOnlyForDeploymentPostprocessing = 0;
		};
/* End PBXSourcesBuildPhase section */

/* Begin PBXVariantGroup section */
		BA1AE890246654D600538F09 /* Main.storyboard */ = {
			isa = PBXVariantGroup;
			children = (
				BA1AE891246654D600538F09 /* Base */,
			);
			name = Main.storyboard;
			sourceTree = "<group>";
		};
		BA1AE895246654D800538F09 /* LaunchScreen.storyboard */ = {
			isa = PBXVariantGroup;
			children = (
				BA1AE896246654D800538F09 /* Base */,
			);
			name = LaunchScreen.storyboard;
			sourceTree = "<group>";
		};
/* End PBXVariantGroup section */

/* Begin XCBuildConfiguration section */
		BA1AE899246654D800538F09 /* Debug */ = {
			isa = XCBuildConfiguration;
			buildSettings = {
				ALWAYS_SEARCH_USER_PATHS = NO;
				CLANG_ANALYZER_NONNULL = YES;
				CLANG_ANALYZER_NUMBER_OBJECT_CONVERSION = YES_AGGRESSIVE;
				CLANG_CXX_LANGUAGE_STANDARD = "gnu++14";
				CLANG_CXX_LIBRARY = "libc++";
				CLANG_ENABLE_MODULES = YES;
				CLANG_ENABLE_OBJC_ARC = YES;
				CLANG_ENABLE_OBJC_WEAK = YES;
				CLANG_WARN_BLOCK_CAPTURE_AUTORELEASING = YES;
				CLANG_WARN_BOOL_CONVERSION = YES;
				CLANG_WARN_COMMA = YES;
				CLANG_WARN_CONSTANT_CONVERSION = YES;
				CLANG_WARN_DEPRECATED_OBJC_IMPLEMENTATIONS = YES;
				CLANG_WARN_DIRECT_OBJC_ISA_USAGE = YES_ERROR;
				CLANG_WARN_DOCUMENTATION_COMMENTS = YES;
				CLANG_WARN_EMPTY_BODY = YES;
				CLANG_WARN_ENUM_CONVERSION = YES;
				CLANG_WARN_INFINITE_RECURSION = YES;
				CLANG_WARN_INT_CONVERSION = YES;
				CLANG_WARN_NON_LITERAL_NULL_CONVERSION = YES;
				CLANG_WARN_OBJC_IMPLICIT_RETAIN_SELF = YES;
				CLANG_WARN_OBJC_LITERAL_CONVERSION = YES;
				CLANG_WARN_OBJC_ROOT_CLASS = YES_ERROR;
				CLANG_WARN_RANGE_LOOP_ANALYSIS = YES;
				CLANG_WARN_STRICT_PROTOTYPES = YES;
				CLANG_WARN_SUSPICIOUS_MOVE = YES;
				CLANG_WARN_UNGUARDED_AVAILABILITY = YES_AGGRESSIVE;
				CLANG_WARN_UNREACHABLE_CODE = YES;
				CLANG_WARN__DUPLICATE_METHOD_MATCH = YES;
				COPY_PHASE_STRIP = NO;
				DEBUG_INFORMATION_FORMAT = dwarf;
				ENABLE_STRICT_OBJC_MSGSEND = YES;
				ENABLE_TESTABILITY = YES;
				GCC_C_LANGUAGE_STANDARD = gnu11;
				GCC_DYNAMIC_NO_PIC = NO;
				GCC_NO_COMMON_BLOCKS = YES;
				GCC_OPTIMIZATION_LEVEL = 0;
				GCC_PREPROCESSOR_DEFINITIONS = (
					"DEBUG=1",
					"$(inherited)",
				);
				GCC_WARN_64_TO_32_BIT_CONVERSION = YES;
				GCC_WARN_ABOUT_RETURN_TYPE = YES_ERROR;
				GCC_WARN_UNDECLARED_SELECTOR = YES;
				GCC_WARN_UNINITIALIZED_AUTOS = YES_AGGRESSIVE;
				GCC_WARN_UNUSED_FUNCTION = YES;
				GCC_WARN_UNUSED_VARIABLE = YES;
				IPHONEOS_DEPLOYMENT_TARGET = 13.4;
				MTL_ENABLE_DEBUG_INFO = INCLUDE_SOURCE;
				MTL_FAST_MATH = YES;
				ONLY_ACTIVE_ARCH = YES;
				SDKROOT = iphoneos;
				SWIFT_ACTIVE_COMPILATION_CONDITIONS = DEBUG;
				SWIFT_OPTIMIZATION_LEVEL = "-Onone";
			};
			name = Debug;
		};
		BA1AE89A246654D800538F09 /* Release */ = {
			isa = XCBuildConfiguration;
			buildSettings = {
				ALWAYS_SEARCH_USER_PATHS = NO;
				CLANG_ANALYZER_NONNULL = YES;
				CLANG_ANALYZER_NUMBER_OBJECT_CONVERSION = YES_AGGRESSIVE;
				CLANG_CXX_LANGUAGE_STANDARD = "gnu++14";
				CLANG_CXX_LIBRARY = "libc++";
				CLANG_ENABLE_MODULES = YES;
				CLANG_ENABLE_OBJC_ARC = YES;
				CLANG_ENABLE_OBJC_WEAK = YES;
				CLANG_WARN_BLOCK_CAPTURE_AUTORELEASING = YES;
				CLANG_WARN_BOOL_CONVERSION = YES;
				CLANG_WARN_COMMA = YES;
				CLANG_WARN_CONSTANT_CONVERSION = YES;
				CLANG_WARN_DEPRECATED_OBJC_IMPLEMENTATIONS = YES;
				CLANG_WARN_DIRECT_OBJC_ISA_USAGE = YES_ERROR;
				CLANG_WARN_DOCUMENTATION_COMMENTS = YES;
				CLANG_WARN_EMPTY_BODY = YES;
				CLANG_WARN_ENUM_CONVERSION = YES;
				CLANG_WARN_INFINITE_RECURSION = YES;
				CLANG_WARN_INT_CONVERSION = YES;
				CLANG_WARN_NON_LITERAL_NULL_CONVERSION = YES;
				CLANG_WARN_OBJC_IMPLICIT_RETAIN_SELF = YES;
				CLANG_WARN_OBJC_LITERAL_CONVERSION = YES;
				CLANG_WARN_OBJC_ROOT_CLASS = YES_ERROR;
				CLANG_WARN_RANGE_LOOP_ANALYSIS = YES;
				CLANG_WARN_STRICT_PROTOTYPES = YES;
				CLANG_WARN_SUSPICIOUS_MOVE = YES;
				CLANG_WARN_UNGUARDED_AVAILABILITY = YES_AGGRESSIVE;
				CLANG_WARN_UNREACHABLE_CODE = YES;
				CLANG_WARN__DUPLICATE_METHOD_MATCH = YES;
				COPY_PHASE_STRIP = NO;
				DEBUG_INFORMATION_FORMAT = "dwarf-with-dsym";
				ENABLE_NS_ASSERTIONS = NO;
				ENABLE_STRICT_OBJC_MSGSEND = YES;
				GCC_C_LANGUAGE_STANDARD = gnu11;
				GCC_NO_COMMON_BLOCKS = YES;
				GCC_WARN_64_TO_32_BIT_CONVERSION = YES;
				GCC_WARN_ABOUT_RETURN_TYPE = YES_ERROR;
				GCC_WARN_UNDECLARED_SELECTOR = YES;
				GCC_WARN_UNINITIALIZED_AUTOS = YES_AGGRESSIVE;
				GCC_WARN_UNUSED_FUNCTION = YES;
				GCC_WARN_UNUSED_VARIABLE = YES;
				IPHONEOS_DEPLOYMENT_TARGET = 13.4;
				MTL_ENABLE_DEBUG_INFO = NO;
				MTL_FAST_MATH = YES;
				SDKROOT = iphoneos;
				SWIFT_COMPILATION_MODE = wholemodule;
				SWIFT_OPTIMIZATION_LEVEL = "-O";
				VALIDATE_PRODUCT = YES;
			};
			name = Release;
		};
		BA1AE89C246654D800538F09 /* Debug */ = {
			isa = XCBuildConfiguration;
			baseConfigurationReference = 25D3AD8392C757BE8ED55FD6 /* Pods-DailyGrindApp.debug.xcconfig */;
			buildSettings = {
				ASSETCATALOG_COMPILER_APPICON_NAME = AppIcon;
				CODE_SIGN_STYLE = Automatic;
				DEVELOPMENT_TEAM = XUY36AQ43Z;
				INFOPLIST_FILE = DailyGrindApp/Info.plist;
				LD_RUNPATH_SEARCH_PATHS = (
					"$(inherited)",
					"@executable_path/Frameworks",
				);
				PRODUCT_BUNDLE_IDENTIFIER = code.codechristy.DailyGrindApp;
				PRODUCT_NAME = "$(TARGET_NAME)";
				SWIFT_VERSION = 5.0;
				TARGETED_DEVICE_FAMILY = "1,2";
			};
			name = Debug;
		};
		BA1AE89D246654D800538F09 /* Release */ = {
			isa = XCBuildConfiguration;
			baseConfigurationReference = A6A00041246A6B4CDB4E39BC /* Pods-DailyGrindApp.release.xcconfig */;
			buildSettings = {
				ASSETCATALOG_COMPILER_APPICON_NAME = AppIcon;
				CODE_SIGN_STYLE = Automatic;
				DEVELOPMENT_TEAM = XUY36AQ43Z;
				INFOPLIST_FILE = DailyGrindApp/Info.plist;
				LD_RUNPATH_SEARCH_PATHS = (
					"$(inherited)",
					"@executable_path/Frameworks",
				);
				PRODUCT_BUNDLE_IDENTIFIER = code.codechristy.DailyGrindApp;
				PRODUCT_NAME = "$(TARGET_NAME)";
				SWIFT_VERSION = 5.0;
				TARGETED_DEVICE_FAMILY = "1,2";
			};
			name = Release;
		};
/* End XCBuildConfiguration section */

/* Begin XCConfigurationList section */
		BA1AE882246654D500538F09 /* Build configuration list for PBXProject "DailyGrindApp" */ = {
			isa = XCConfigurationList;
			buildConfigurations = (
				BA1AE899246654D800538F09 /* Debug */,
				BA1AE89A246654D800538F09 /* Release */,
			);
			defaultConfigurationIsVisible = 0;
			defaultConfigurationName = Release;
		};
		BA1AE89B246654D800538F09 /* Build configuration list for PBXNativeTarget "DailyGrindApp" */ = {
			isa = XCConfigurationList;
			buildConfigurations = (
				BA1AE89C246654D800538F09 /* Debug */,
				BA1AE89D246654D800538F09 /* Release */,
			);
			defaultConfigurationIsVisible = 0;
			defaultConfigurationName = Release;
		};
/* End XCConfigurationList section */
	};
	rootObject = BA1AE87F246654D500538F09 /* Project object */;
}
